
Microsoft Visual Studio Solution File, Format Version 12.00
# Visual Studio 15
VisualStudioVersion = 15.0.28010.2036
MinimumVisualStudioVersion = 10.0.40219.1
Project("{FAE04EC0-301F-11D3-BF4B-00C04F79EFBC}") = "Stucco2", "Stucco2\Stucco2.csproj", "{6B706CD7-2E79-413C-8641-69A11DBA8C69}"
EndProject
Global
	GlobalSection(SolutionConfigurationPlatforms) = preSolution
		Debug|Any CPU = Debug|Any CPU
		Release|Any CPU = Release|Any CPU
	EndGlobalSection
	GlobalSection(ProjectConfigurationPlatforms) = postSolution
		{6B706CD7-2E79-413C-8641-69A11DBA8C69}.Debug|Any CPU.ActiveCfg = Debug|Any CPU
		{6B706CD7-2E79-413C-8641-69A11DBA8C69}.Debug|Any CPU.Build.0 = Debug|Any CPU
		{6B706CD7-2E79-413C-8641-69A11DBA8C69}.Release|Any CPU.ActiveCfg = Release|Any CPU
		{6B706CD7-2E79-413C-8641-69A11DBA8C69}.Release|Any CPU.Build.0 = Release|Any CPU
	EndGlobalSection
	GlobalSection(SolutionProperties) = preSolution
		HideSolutionNode = FALSE
	EndGlobalSection
	GlobalSection(ExtensibilityGlobals) = postSolution
		SolutionGuid = {4D9D9B37-6676-415A-8622-09FB349396DC}
	EndGlobalSection
EndGlobal
