
Microsoft Visual Studio Solution File, Format Version 12.00
# Visual Studio 15
VisualStudioVersion = 15.0.28010.2036
MinimumVisualStudioVersion = 10.0.40219.1
Project("{FAE04EC0-301F-11D3-BF4B-00C04F79EFBC}") = "Stucco", "Stucco\Stucco.csproj", "{1F832C0C-02ED-49AB-A7D5-0F6EEF73515C}"
EndProject
Global
	GlobalSection(SolutionConfigurationPlatforms) = preSolution
		Debug|Any CPU = Debug|Any CPU
		Release|Any CPU = Release|Any CPU
	EndGlobalSection
	GlobalSection(ProjectConfigurationPlatforms) = postSolution
		{1F832C0C-02ED-49AB-A7D5-0F6EEF73515C}.Debug|Any CPU.ActiveCfg = Debug|Any CPU
		{1F832C0C-02ED-49AB-A7D5-0F6EEF73515C}.Debug|Any CPU.Build.0 = Debug|Any CPU
		{1F832C0C-02ED-49AB-A7D5-0F6EEF73515C}.Release|Any CPU.ActiveCfg = Release|Any CPU
		{1F832C0C-02ED-49AB-A7D5-0F6EEF73515C}.Release|Any CPU.Build.0 = Release|Any CPU
	EndGlobalSection
	GlobalSection(SolutionProperties) = preSolution
		HideSolutionNode = FALSE
	EndGlobalSection
	GlobalSection(ExtensibilityGlobals) = postSolution
		SolutionGuid = {3B28C75B-779E-4C13-A107-985164A3421B}
	EndGlobalSection
EndGlobal
