
Microsoft Visual Studio Solution File, Format Version 12.00
# Visual Studio 15
VisualStudioVersion = 15.0.28307.168
MinimumVisualStudioVersion = 10.0.40219.1
Project("{FAE04EC0-301F-11D3-BF4B-00C04F79EFBC}") = "practicefunctions", "practicefunctions\practicefunctions.csproj", "{D90A961B-FBA8-4CAD-93DF-653B15263681}"
EndProject
Global
	GlobalSection(SolutionConfigurationPlatforms) = preSolution
		Debug|Any CPU = Debug|Any CPU
		Release|Any CPU = Release|Any CPU
	EndGlobalSection
	GlobalSection(ProjectConfigurationPlatforms) = postSolution
		{D90A961B-FBA8-4CAD-93DF-653B15263681}.Debug|Any CPU.ActiveCfg = Debug|Any CPU
		{D90A961B-FBA8-4CAD-93DF-653B15263681}.Debug|Any CPU.Build.0 = Debug|Any CPU
		{D90A961B-FBA8-4CAD-93DF-653B15263681}.Release|Any CPU.ActiveCfg = Release|Any CPU
		{D90A961B-FBA8-4CAD-93DF-653B15263681}.Release|Any CPU.Build.0 = Release|Any CPU
	EndGlobalSection
	GlobalSection(SolutionProperties) = preSolution
		HideSolutionNode = FALSE
	EndGlobalSection
	GlobalSection(ExtensibilityGlobals) = postSolution
		SolutionGuid = {B9852A83-F5BC-4F6F-A06E-6C5863C5430D}
	EndGlobalSection
EndGlobal
